
Microsoft Visual Studio Solution File, Format Version 12.00
# Visual Studio 2012
Project("{FAE04EC0-301F-11D3-BF4B-00C04F79EFBC}") = "StateOfDecayTimeChanger", "StateOfDecayTimeChanger\StateOfDecayTimeChanger.csproj", "{3D246182-08E9-44D0-B549-9C8FB6B75816}"
EndProject
Global
	GlobalSection(SolutionConfigurationPlatforms) = preSolution
		Debug|Any CPU = Debug|Any CPU
		Release|Any CPU = Release|Any CPU
	EndGlobalSection
	GlobalSection(ProjectConfigurationPlatforms) = postSolution
		{3D246182-08E9-44D0-B549-9C8FB6B75816}.Debug|Any CPU.ActiveCfg = Debug|Any CPU
		{3D246182-08E9-44D0-B549-9C8FB6B75816}.Debug|Any CPU.Build.0 = Debug|Any CPU
		{3D246182-08E9-44D0-B549-9C8FB6B75816}.Release|Any CPU.ActiveCfg = Release|Any CPU
		{3D246182-08E9-44D0-B549-9C8FB6B75816}.Release|Any CPU.Build.0 = Release|Any CPU
	EndGlobalSection
	GlobalSection(SolutionProperties) = preSolution
		HideSolutionNode = FALSE
	EndGlobalSection
EndGlobal
